
Microsoft Visual Studio Solution File, Format Version 12.00
# Visual Studio 15
VisualStudioVersion = 15.0.26124.0
MinimumVisualStudioVersion = 15.0.26124.0
Project("{FAE04EC0-301F-11D3-BF4B-00C04F79EFBC}") = "Todo.Domain", "Todo.Domain\Todo.Domain.csproj", "{AB28B742-E5A9-409C-83A9-671921001168}"
EndProject
Project("{FAE04EC0-301F-11D3-BF4B-00C04F79EFBC}") = "Todo.Domain.Infra", "Todo.Domain.Infra\Todo.Domain.Infra.csproj", "{44AAC622-FCF7-46A6-84A7-DAE58D26DC0C}"
EndProject
Project("{FAE04EC0-301F-11D3-BF4B-00C04F79EFBC}") = "Todo.Domain.Api", "Todo.Domain.Api\Todo.Domain.Api.csproj", "{7E9F6678-B7DE-4CF4-A98C-E7142458DE9E}"
EndProject
Global
	GlobalSection(SolutionConfigurationPlatforms) = preSolution
		Debug|Any CPU = Debug|Any CPU
		Debug|x64 = Debug|x64
		Debug|x86 = Debug|x86
		Release|Any CPU = Release|Any CPU
		Release|x64 = Release|x64
		Release|x86 = Release|x86
	EndGlobalSection
	GlobalSection(SolutionProperties) = preSolution
		HideSolutionNode = FALSE
	EndGlobalSection
	GlobalSection(ProjectConfigurationPlatforms) = postSolution
		{AB28B742-E5A9-409C-83A9-671921001168}.Debug|Any CPU.ActiveCfg = Debug|Any CPU
		{AB28B742-E5A9-409C-83A9-671921001168}.Debug|Any CPU.Build.0 = Debug|Any CPU
		{AB28B742-E5A9-409C-83A9-671921001168}.Debug|x64.ActiveCfg = Debug|Any CPU
		{AB28B742-E5A9-409C-83A9-671921001168}.Debug|x64.Build.0 = Debug|Any CPU
		{AB28B742-E5A9-409C-83A9-671921001168}.Debug|x86.ActiveCfg = Debug|Any CPU
		{AB28B742-E5A9-409C-83A9-671921001168}.Debug|x86.Build.0 = Debug|Any CPU
		{AB28B742-E5A9-409C-83A9-671921001168}.Release|Any CPU.ActiveCfg = Release|Any CPU
		{AB28B742-E5A9-409C-83A9-671921001168}.Release|Any CPU.Build.0 = Release|Any CPU
		{AB28B742-E5A9-409C-83A9-671921001168}.Release|x64.ActiveCfg = Release|Any CPU
		{AB28B742-E5A9-409C-83A9-671921001168}.Release|x64.Build.0 = Release|Any CPU
		{AB28B742-E5A9-409C-83A9-671921001168}.Release|x86.ActiveCfg = Release|Any CPU
		{AB28B742-E5A9-409C-83A9-671921001168}.Release|x86.Build.0 = Release|Any CPU
		{44AAC622-FCF7-46A6-84A7-DAE58D26DC0C}.Debug|Any CPU.ActiveCfg = Debug|Any CPU
		{44AAC622-FCF7-46A6-84A7-DAE58D26DC0C}.Debug|Any CPU.Build.0 = Debug|Any CPU
		{44AAC622-FCF7-46A6-84A7-DAE58D26DC0C}.Debug|x64.ActiveCfg = Debug|Any CPU
		{44AAC622-FCF7-46A6-84A7-DAE58D26DC0C}.Debug|x64.Build.0 = Debug|Any CPU
		{44AAC622-FCF7-46A6-84A7-DAE58D26DC0C}.Debug|x86.ActiveCfg = Debug|Any CPU
		{44AAC622-FCF7-46A6-84A7-DAE58D26DC0C}.Debug|x86.Build.0 = Debug|Any CPU
		{44AAC622-FCF7-46A6-84A7-DAE58D26DC0C}.Release|Any CPU.ActiveCfg = Release|Any CPU
		{44AAC622-FCF7-46A6-84A7-DAE58D26DC0C}.Release|Any CPU.Build.0 = Release|Any CPU
		{44AAC622-FCF7-46A6-84A7-DAE58D26DC0C}.Release|x64.ActiveCfg = Release|Any CPU
		{44AAC622-FCF7-46A6-84A7-DAE58D26DC0C}.Release|x64.Build.0 = Release|Any CPU
		{44AAC622-FCF7-46A6-84A7-DAE58D26DC0C}.Release|x86.ActiveCfg = Release|Any CPU
		{44AAC622-FCF7-46A6-84A7-DAE58D26DC0C}.Release|x86.Build.0 = Release|Any CPU
		{7E9F6678-B7DE-4CF4-A98C-E7142458DE9E}.Debug|Any CPU.ActiveCfg = Debug|Any CPU
		{7E9F6678-B7DE-4CF4-A98C-E7142458DE9E}.Debug|Any CPU.Build.0 = Debug|Any CPU
		{7E9F6678-B7DE-4CF4-A98C-E7142458DE9E}.Debug|x64.ActiveCfg = Debug|Any CPU
		{7E9F6678-B7DE-4CF4-A98C-E7142458DE9E}.Debug|x64.Build.0 = Debug|Any CPU
		{7E9F6678-B7DE-4CF4-A98C-E7142458DE9E}.Debug|x86.ActiveCfg = Debug|Any CPU
		{7E9F6678-B7DE-4CF4-A98C-E7142458DE9E}.Debug|x86.Build.0 = Debug|Any CPU
		{7E9F6678-B7DE-4CF4-A98C-E7142458DE9E}.Release|Any CPU.ActiveCfg = Release|Any CPU
		{7E9F6678-B7DE-4CF4-A98C-E7142458DE9E}.Release|Any CPU.Build.0 = Release|Any CPU
		{7E9F6678-B7DE-4CF4-A98C-E7142458DE9E}.Release|x64.ActiveCfg = Release|Any CPU
		{7E9F6678-B7DE-4CF4-A98C-E7142458DE9E}.Release|x64.Build.0 = Release|Any CPU
		{7E9F6678-B7DE-4CF4-A98C-E7142458DE9E}.Release|x86.ActiveCfg = Release|Any CPU
		{7E9F6678-B7DE-4CF4-A98C-E7142458DE9E}.Release|x86.Build.0 = Release|Any CPU
	EndGlobalSection
EndGlobal
